
Microsoft Visual Studio Solution File, Format Version 12.00
# Visual Studio Version 17
VisualStudioVersion = 17.0.31903.59
MinimumVisualStudioVersion = 10.0.40219.1
Project("{2150E333-8FDC-42A3-9474-1A3956D46DE8}") = "src", "src", "{93B6EF48-5785-45DE-BCBC-7F1C4C7F2AB9}"
EndProject
Project("{2150E333-8FDC-42A3-9474-1A3956D46DE8}") = "Bff", "Bff", "{8C099AC7-1FDD-4E12-8BC0-C9B83CDA4DF9}"
EndProject
Project("{FAE04EC0-301F-11D3-BF4B-00C04F79EFBC}") = "PucCrypto.Bff.Web", "src\Bff\PucCrypto.Bff.Web\PucCrypto.Bff.Web.csproj", "{2A2B8F3B-24EB-4864-9E49-091C519EEB80}"
EndProject
Project("{2150E333-8FDC-42A3-9474-1A3956D46DE8}") = "BuildingBlocks", "BuildingBlocks", "{68F60CFA-393E-4DA3-8971-EA7BBE6C7B51}"
EndProject
Project("{FAE04EC0-301F-11D3-BF4B-00C04F79EFBC}") = "PucCrypto.BuildingBlocks.Abstractions", "src\BuildingBlocks\PucCrypto.BuildingBlocks.Abstractions\PucCrypto.BuildingBlocks.Abstractions.csproj", "{B520DB7B-3277-4FFB-BB51-CF8B0E30C8CD}"
EndProject
Project("{FAE04EC0-301F-11D3-BF4B-00C04F79EFBC}") = "PucCrypto.BuildingBlocks.Messaging", "src\BuildingBlocks\PucCrypto.BuildingBlocks.Messaging\PucCrypto.BuildingBlocks.Messaging.csproj", "{29A0FFA3-CA0F-45B8-98BD-B75F0B093913}"
EndProject
Project("{FAE04EC0-301F-11D3-BF4B-00C04F79EFBC}") = "PucCrypto.Contracts", "src\BuildingBlocks\PucCrypto.Contracts\PucCrypto.Contracts.csproj", "{164E0714-962D-404D-8370-02A8D017E906}"
EndProject
Project("{2150E333-8FDC-42A3-9474-1A3956D46DE8}") = "Gateway", "Gateway", "{12474DCF-3078-4FF3-9F61-8A1DDA1362B8}"
EndProject
Project("{FAE04EC0-301F-11D3-BF4B-00C04F79EFBC}") = "PucCrypto.Gateway", "src\Gateway\PucCrypto.Gateway\PucCrypto.Gateway.csproj", "{73BCDFA0-A09A-4733-AA7E-E0D182334BCE}"
EndProject
Project("{2150E333-8FDC-42A3-9474-1A3956D46DE8}") = "Services", "Services", "{948F6530-84BD-4E95-A3AF-87215925952E}"
EndProject
Project("{2150E333-8FDC-42A3-9474-1A3956D46DE8}") = "Catalog", "Catalog", "{D8F191D3-A39C-48E2-9D18-CFAB2F6416A2}"
EndProject
Project("{FAE04EC0-301F-11D3-BF4B-00C04F79EFBC}") = "PucCrypto.Catalog.Api", "src\Services\Catalog\PucCrypto.Catalog.Api\PucCrypto.Catalog.Api.csproj", "{AEA1918C-6671-41C4-BA57-500A6CA34259}"
EndProject
Project("{FAE04EC0-301F-11D3-BF4B-00C04F79EFBC}") = "PucCrypto.Catalog.Application", "src\Services\Catalog\PucCrypto.Catalog.Application\PucCrypto.Catalog.Application.csproj", "{F39F2A7E-AB46-41DF-899D-3873BD58394F}"
EndProject
Project("{FAE04EC0-301F-11D3-BF4B-00C04F79EFBC}") = "PucCrypto.Catalog.Domain", "src\Services\Catalog\PucCrypto.Catalog.Domain\PucCrypto.Catalog.Domain.csproj", "{08E84F89-1D04-450F-A3C7-5CFC586D62F0}"
EndProject
Project("{FAE04EC0-301F-11D3-BF4B-00C04F79EFBC}") = "PucCrypto.Catalog.Infrastructure", "src\Services\Catalog\PucCrypto.Catalog.Infrastructure\PucCrypto.Catalog.Infrastructure.csproj", "{564B4FBD-A8F7-4637-A5BD-A8114827D684}"
EndProject
Project("{2150E333-8FDC-42A3-9474-1A3956D46DE8}") = "Identity", "Identity", "{78FEEE3B-3F31-48D8-B7E1-8591DB11E8F4}"
EndProject
Project("{FAE04EC0-301F-11D3-BF4B-00C04F79EFBC}") = "PucCrypto.Identity.Api", "src\Services\Identity\PucCrypto.Identity.Api\PucCrypto.Identity.Api.csproj", "{5DED720F-78C9-426E-AAA0-5732EEF0EB8D}"
EndProject
Project("{FAE04EC0-301F-11D3-BF4B-00C04F79EFBC}") = "PucCrypto.Identity.Application", "src\Services\Identity\PucCrypto.Identity.Application\PucCrypto.Identity.Application.csproj", "{040EF058-0C23-49E2-97D9-915126D7D492}"
EndProject
Project("{FAE04EC0-301F-11D3-BF4B-00C04F79EFBC}") = "PucCrypto.Identity.Domain", "src\Services\Identity\PucCrypto.Identity.Domain\PucCrypto.Identity.Domain.csproj", "{25D37708-8CF4-4B97-9044-309DAD00D1AD}"
EndProject
Project("{FAE04EC0-301F-11D3-BF4B-00C04F79EFBC}") = "PucCrypto.Identity.Infrastructure", "src\Services\Identity\PucCrypto.Identity.Infrastructure\PucCrypto.Identity.Infrastructure.csproj", "{7B4B5285-B10F-4EA2-BA2E-8254FC9109C8}"
EndProject
Project("{2150E333-8FDC-42A3-9474-1A3956D46DE8}") = "MarketData", "MarketData", "{47C4E4F5-B4A9-46F0-B7FA-DD1F6EAEB91D}"
EndProject
Project("{FAE04EC0-301F-11D3-BF4B-00C04F79EFBC}") = "PucCrypto.MarketData.Api", "src\Services\MarketData\PucCrypto.MarketData.Api\PucCrypto.MarketData.Api.csproj", "{E1A10218-76F7-4C8C-8714-1B009A9E6A56}"
EndProject
Project("{FAE04EC0-301F-11D3-BF4B-00C04F79EFBC}") = "PucCrypto.MarketData.Application", "src\Services\MarketData\PucCrypto.MarketData.Application\PucCrypto.MarketData.Application.csproj", "{36A6D23F-3244-457D-BBFD-030557F61FA5}"
EndProject
Project("{FAE04EC0-301F-11D3-BF4B-00C04F79EFBC}") = "PucCrypto.MarketData.Domain", "src\Services\MarketData\PucCrypto.MarketData.Domain\PucCrypto.MarketData.Domain.csproj", "{529D1336-7D98-43AB-9A1A-CE4531464F58}"
EndProject
Project("{FAE04EC0-301F-11D3-BF4B-00C04F79EFBC}") = "PucCrypto.MarketData.Functions", "src\Services\MarketData\PucCrypto.MarketData.Functions\PucCrypto.MarketData.Functions.csproj", "{7A273AFF-AA9D-43A7-A812-104594B5EB2D}"
EndProject
Project("{FAE04EC0-301F-11D3-BF4B-00C04F79EFBC}") = "PucCrypto.MarketData.Infrastructure", "src\Services\MarketData\PucCrypto.MarketData.Infrastructure\PucCrypto.MarketData.Infrastructure.csproj", "{CDC1FE5B-5AD1-49BD-8CF9-CB30DBBB8F4C}"
EndProject
Project("{2150E333-8FDC-42A3-9474-1A3956D46DE8}") = "Prediction", "Prediction", "{DB4DB3CE-B4D6-4699-9F80-DD6715A6892E}"
EndProject
Project("{FAE04EC0-301F-11D3-BF4B-00C04F79EFBC}") = "PucCrypto.Prediction.Api", "src\Services\Prediction\PucCrypto.Prediction.Api\PucCrypto.Prediction.Api.csproj", "{1E718867-037A-4327-8039-2261E30FEDDA}"
EndProject
Project("{FAE04EC0-301F-11D3-BF4B-00C04F79EFBC}") = "PucCrypto.Prediction.Application", "src\Services\Prediction\PucCrypto.Prediction.Application\PucCrypto.Prediction.Application.csproj", "{9A56FE4C-179A-45BD-A17C-DEE68B3893BE}"
EndProject
Project("{FAE04EC0-301F-11D3-BF4B-00C04F79EFBC}") = "PucCrypto.Prediction.Domain", "src\Services\Prediction\PucCrypto.Prediction.Domain\PucCrypto.Prediction.Domain.csproj", "{84D3AE18-9FC1-4515-8044-085E3FCE6B5E}"
EndProject
Project("{FAE04EC0-301F-11D3-BF4B-00C04F79EFBC}") = "PucCrypto.Prediction.Functions", "src\Services\Prediction\PucCrypto.Prediction.Functions\PucCrypto.Prediction.Functions.csproj", "{8D52134F-0C6D-43D4-B883-E896208B4C80}"
EndProject
Project("{FAE04EC0-301F-11D3-BF4B-00C04F79EFBC}") = "PucCrypto.Prediction.Infrastructure", "src\Services\Prediction\PucCrypto.Prediction.Infrastructure\PucCrypto.Prediction.Infrastructure.csproj", "{87251377-EE85-4757-9E81-74B2312DF8DD}"
EndProject
Project("{2150E333-8FDC-42A3-9474-1A3956D46DE8}") = "tests", "tests", "{1E6C1B2F-5296-4F5B-9316-347A21E07548}"
EndProject
Project("{FAE04EC0-301F-11D3-BF4B-00C04F79EFBC}") = "PucCrypto.ArchitectureTests", "tests\PucCrypto.ArchitectureTests\PucCrypto.ArchitectureTests.csproj", "{8EF4B810-A553-42A4-8B3D-1F38E75747A3}"
EndProject
Global
	GlobalSection(SolutionConfigurationPlatforms) = preSolution
		Debug|Any CPU = Debug|Any CPU
		Release|Any CPU = Release|Any CPU
	EndGlobalSection
	GlobalSection(SolutionProperties) = preSolution
		HideSolutionNode = FALSE
	EndGlobalSection
	GlobalSection(ProjectConfigurationPlatforms) = postSolution
		{2A2B8F3B-24EB-4864-9E49-091C519EEB80}.Debug|Any CPU.ActiveCfg = Debug|Any CPU
		{2A2B8F3B-24EB-4864-9E49-091C519EEB80}.Debug|Any CPU.Build.0 = Debug|Any CPU
		{2A2B8F3B-24EB-4864-9E49-091C519EEB80}.Release|Any CPU.ActiveCfg = Release|Any CPU
		{2A2B8F3B-24EB-4864-9E49-091C519EEB80}.Release|Any CPU.Build.0 = Release|Any CPU
		{B520DB7B-3277-4FFB-BB51-CF8B0E30C8CD}.Debug|Any CPU.ActiveCfg = Debug|Any CPU
		{B520DB7B-3277-4FFB-BB51-CF8B0E30C8CD}.Debug|Any CPU.Build.0 = Debug|Any CPU
		{B520DB7B-3277-4FFB-BB51-CF8B0E30C8CD}.Release|Any CPU.ActiveCfg = Release|Any CPU
		{B520DB7B-3277-4FFB-BB51-CF8B0E30C8CD}.Release|Any CPU.Build.0 = Release|Any CPU
		{29A0FFA3-CA0F-45B8-98BD-B75F0B093913}.Debug|Any CPU.ActiveCfg = Debug|Any CPU
		{29A0FFA3-CA0F-45B8-98BD-B75F0B093913}.Debug|Any CPU.Build.0 = Debug|Any CPU
		{29A0FFA3-CA0F-45B8-98BD-B75F0B093913}.Release|Any CPU.ActiveCfg = Release|Any CPU
		{29A0FFA3-CA0F-45B8-98BD-B75F0B093913}.Release|Any CPU.Build.0 = Release|Any CPU
		{164E0714-962D-404D-8370-02A8D017E906}.Debug|Any CPU.ActiveCfg = Debug|Any CPU
		{164E0714-962D-404D-8370-02A8D017E906}.Debug|Any CPU.Build.0 = Debug|Any CPU
		{164E0714-962D-404D-8370-02A8D017E906}.Release|Any CPU.ActiveCfg = Release|Any CPU
		{164E0714-962D-404D-8370-02A8D017E906}.Release|Any CPU.Build.0 = Release|Any CPU
		{73BCDFA0-A09A-4733-AA7E-E0D182334BCE}.Debug|Any CPU.ActiveCfg = Debug|Any CPU
		{73BCDFA0-A09A-4733-AA7E-E0D182334BCE}.Debug|Any CPU.Build.0 = Debug|Any CPU
		{73BCDFA0-A09A-4733-AA7E-E0D182334BCE}.Release|Any CPU.ActiveCfg = Release|Any CPU
		{73BCDFA0-A09A-4733-AA7E-E0D182334BCE}.Release|Any CPU.Build.0 = Release|Any CPU
		{AEA1918C-6671-41C4-BA57-500A6CA34259}.Debug|Any CPU.ActiveCfg = Debug|Any CPU
		{AEA1918C-6671-41C4-BA57-500A6CA34259}.Debug|Any CPU.Build.0 = Debug|Any CPU
		{AEA1918C-6671-41C4-BA57-500A6CA34259}.Release|Any CPU.ActiveCfg = Release|Any CPU
		{AEA1918C-6671-41C4-BA57-500A6CA34259}.Release|Any CPU.Build.0 = Release|Any CPU
		{F39F2A7E-AB46-41DF-899D-3873BD58394F}.Debug|Any CPU.ActiveCfg = Debug|Any CPU
		{F39F2A7E-AB46-41DF-899D-3873BD58394F}.Debug|Any CPU.Build.0 = Debug|Any CPU
		{F39F2A7E-AB46-41DF-899D-3873BD58394F}.Release|Any CPU.ActiveCfg = Release|Any CPU
		{F39F2A7E-AB46-41DF-899D-3873BD58394F}.Release|Any CPU.Build.0 = Release|Any CPU
		{08E84F89-1D04-450F-A3C7-5CFC586D62F0}.Debug|Any CPU.ActiveCfg = Debug|Any CPU
		{08E84F89-1D04-450F-A3C7-5CFC586D62F0}.Debug|Any CPU.Build.0 = Debug|Any CPU
		{08E84F89-1D04-450F-A3C7-5CFC586D62F0}.Release|Any CPU.ActiveCfg = Release|Any CPU
		{08E84F89-1D04-450F-A3C7-5CFC586D62F0}.Release|Any CPU.Build.0 = Release|Any CPU
		{564B4FBD-A8F7-4637-A5BD-A8114827D684}.Debug|Any CPU.ActiveCfg = Debug|Any CPU
		{564B4FBD-A8F7-4637-A5BD-A8114827D684}.Debug|Any CPU.Build.0 = Debug|Any CPU
		{564B4FBD-A8F7-4637-A5BD-A8114827D684}.Release|Any CPU.ActiveCfg = Release|Any CPU
		{564B4FBD-A8F7-4637-A5BD-A8114827D684}.Release|Any CPU.Build.0 = Release|Any CPU
		{5DED720F-78C9-426E-AAA0-5732EEF0EB8D}.Debug|Any CPU.ActiveCfg = Debug|Any CPU
		{5DED720F-78C9-426E-AAA0-5732EEF0EB8D}.Debug|Any CPU.Build.0 = Debug|Any CPU
		{5DED720F-78C9-426E-AAA0-5732EEF0EB8D}.Release|Any CPU.ActiveCfg = Release|Any CPU
		{5DED720F-78C9-426E-AAA0-5732EEF0EB8D}.Release|Any CPU.Build.0 = Release|Any CPU
		{040EF058-0C23-49E2-97D9-915126D7D492}.Debug|Any CPU.ActiveCfg = Debug|Any CPU
		{040EF058-0C23-49E2-97D9-915126D7D492}.Debug|Any CPU.Build.0 = Debug|Any CPU
		{040EF058-0C23-49E2-97D9-915126D7D492}.Release|Any CPU.ActiveCfg = Release|Any CPU
		{040EF058-0C23-49E2-97D9-915126D7D492}.Release|Any CPU.Build.0 = Release|Any CPU
		{25D37708-8CF4-4B97-9044-309DAD00D1AD}.Debug|Any CPU.ActiveCfg = Debug|Any CPU
		{25D37708-8CF4-4B97-9044-309DAD00D1AD}.Debug|Any CPU.Build.0 = Debug|Any CPU
		{25D37708-8CF4-4B97-9044-309DAD00D1AD}.Release|Any CPU.ActiveCfg = Release|Any CPU
		{25D37708-8CF4-4B97-9044-309DAD00D1AD}.Release|Any CPU.Build.0 = Release|Any CPU
		{7B4B5285-B10F-4EA2-BA2E-8254FC9109C8}.Debug|Any CPU.ActiveCfg = Debug|Any CPU
		{7B4B5285-B10F-4EA2-BA2E-8254FC9109C8}.Debug|Any CPU.Build.0 = Debug|Any CPU
		{7B4B5285-B10F-4EA2-BA2E-8254FC9109C8}.Release|Any CPU.ActiveCfg = Release|Any CPU
		{7B4B5285-B10F-4EA2-BA2E-8254FC9109C8}.Release|Any CPU.Build.0 = Release|Any CPU
		{E1A10218-76F7-4C8C-8714-1B009A9E6A56}.Debug|Any CPU.ActiveCfg = Debug|Any CPU
		{E1A10218-76F7-4C8C-8714-1B009A9E6A56}.Debug|Any CPU.Build.0 = Debug|Any CPU
		{E1A10218-76F7-4C8C-8714-1B009A9E6A56}.Release|Any CPU.ActiveCfg = Release|Any CPU
		{E1A10218-76F7-4C8C-8714-1B009A9E6A56}.Release|Any CPU.Build.0 = Release|Any CPU
		{36A6D23F-3244-457D-BBFD-030557F61FA5}.Debug|Any CPU.ActiveCfg = Debug|Any CPU
		{36A6D23F-3244-457D-BBFD-030557F61FA5}.Debug|Any CPU.Build.0 = Debug|Any CPU
		{36A6D23F-3244-457D-BBFD-030557F61FA5}.Release|Any CPU.ActiveCfg = Release|Any CPU
		{36A6D23F-3244-457D-BBFD-030557F61FA5}.Release|Any CPU.Build.0 = Release|Any CPU
		{529D1336-7D98-43AB-9A1A-CE4531464F58}.Debug|Any CPU.ActiveCfg = Debug|Any CPU
		{529D1336-7D98-43AB-9A1A-CE4531464F58}.Debug|Any CPU.Build.0 = Debug|Any CPU
		{529D1336-7D98-43AB-9A1A-CE4531464F58}.Release|Any CPU.ActiveCfg = Release|Any CPU
		{529D1336-7D98-43AB-9A1A-CE4531464F58}.Release|Any CPU.Build.0 = Release|Any CPU
		{7A273AFF-AA9D-43A7-A812-104594B5EB2D}.Debug|Any CPU.ActiveCfg = Debug|Any CPU
		{7A273AFF-AA9D-43A7-A812-104594B5EB2D}.Debug|Any CPU.Build.0 = Debug|Any CPU
		{7A273AFF-AA9D-43A7-A812-104594B5EB2D}.Release|Any CPU.ActiveCfg = Release|Any CPU
		{7A273AFF-AA9D-43A7-A812-104594B5EB2D}.Release|Any CPU.Build.0 = Release|Any CPU
		{CDC1FE5B-5AD1-49BD-8CF9-CB30DBBB8F4C}.Debug|Any CPU.ActiveCfg = Debug|Any CPU
		{CDC1FE5B-5AD1-49BD-8CF9-CB30DBBB8F4C}.Debug|Any CPU.Build.0 = Debug|Any CPU
		{CDC1FE5B-5AD1-49BD-8CF9-CB30DBBB8F4C}.Release|Any CPU.ActiveCfg = Release|Any CPU
		{CDC1FE5B-5AD1-49BD-8CF9-CB30DBBB8F4C}.Release|Any CPU.Build.0 = Release|Any CPU
		{1E718867-037A-4327-8039-2261E30FEDDA}.Debug|Any CPU.ActiveCfg = Debug|Any CPU
		{1E718867-037A-4327-8039-2261E30FEDDA}.Debug|Any CPU.Build.0 = Debug|Any CPU
		{1E718867-037A-4327-8039-2261E30FEDDA}.Release|Any CPU.ActiveCfg = Release|Any CPU
		{1E718867-037A-4327-8039-2261E30FEDDA}.Release|Any CPU.Build.0 = Release|Any CPU
		{9A56FE4C-179A-45BD-A17C-DEE68B3893BE}.Debug|Any CPU.ActiveCfg = Debug|Any CPU
		{9A56FE4C-179A-45BD-A17C-DEE68B3893BE}.Debug|Any CPU.Build.0 = Debug|Any CPU
		{9A56FE4C-179A-45BD-A17C-DEE68B3893BE}.Release|Any CPU.ActiveCfg = Release|Any CPU
		{9A56FE4C-179A-45BD-A17C-DEE68B3893BE}.Release|Any CPU.Build.0 = Release|Any CPU
		{84D3AE18-9FC1-4515-8044-085E3FCE6B5E}.Debug|Any CPU.ActiveCfg = Debug|Any CPU
		{84D3AE18-9FC1-4515-8044-085E3FCE6B5E}.Debug|Any CPU.Build.0 = Debug|Any CPU
		{84D3AE18-9FC1-4515-8044-085E3FCE6B5E}.Release|Any CPU.ActiveCfg = Release|Any CPU
		{84D3AE18-9FC1-4515-8044-085E3FCE6B5E}.Release|Any CPU.Build.0 = Release|Any CPU
		{8D52134F-0C6D-43D4-B883-E896208B4C80}.Debug|Any CPU.ActiveCfg = Debug|Any CPU
		{8D52134F-0C6D-43D4-B883-E896208B4C80}.Debug|Any CPU.Build.0 = Debug|Any CPU
		{8D52134F-0C6D-43D4-B883-E896208B4C80}.Release|Any CPU.ActiveCfg = Release|Any CPU
		{8D52134F-0C6D-43D4-B883-E896208B4C80}.Release|Any CPU.Build.0 = Release|Any CPU
		{87251377-EE85-4757-9E81-74B2312DF8DD}.Debug|Any CPU.ActiveCfg = Debug|Any CPU
		{87251377-EE85-4757-9E81-74B2312DF8DD}.Debug|Any CPU.Build.0 = Debug|Any CPU
		{87251377-EE85-4757-9E81-74B2312DF8DD}.Release|Any CPU.ActiveCfg = Release|Any CPU
		{87251377-EE85-4757-9E81-74B2312DF8DD}.Release|Any CPU.Build.0 = Release|Any CPU
		{8EF4B810-A553-42A4-8B3D-1F38E75747A3}.Debug|Any CPU.ActiveCfg = Debug|Any CPU
		{8EF4B810-A553-42A4-8B3D-1F38E75747A3}.Debug|Any CPU.Build.0 = Debug|Any CPU
		{8EF4B810-A553-42A4-8B3D-1F38E75747A3}.Release|Any CPU.ActiveCfg = Release|Any CPU
		{8EF4B810-A553-42A4-8B3D-1F38E75747A3}.Release|Any CPU.Build.0 = Release|Any CPU
	EndGlobalSection
	GlobalSection(NestedProjects) = preSolution
		{8C099AC7-1FDD-4E12-8BC0-C9B83CDA4DF9} = {93B6EF48-5785-45DE-BCBC-7F1C4C7F2AB9}
		{2A2B8F3B-24EB-4864-9E49-091C519EEB80} = {8C099AC7-1FDD-4E12-8BC0-C9B83CDA4DF9}
		{68F60CFA-393E-4DA3-8971-EA7BBE6C7B51} = {93B6EF48-5785-45DE-BCBC-7F1C4C7F2AB9}
		{B520DB7B-3277-4FFB-BB51-CF8B0E30C8CD} = {68F60CFA-393E-4DA3-8971-EA7BBE6C7B51}
		{29A0FFA3-CA0F-45B8-98BD-B75F0B093913} = {68F60CFA-393E-4DA3-8971-EA7BBE6C7B51}
		{164E0714-962D-404D-8370-02A8D017E906} = {68F60CFA-393E-4DA3-8971-EA7BBE6C7B51}
		{12474DCF-3078-4FF3-9F61-8A1DDA1362B8} = {93B6EF48-5785-45DE-BCBC-7F1C4C7F2AB9}
		{73BCDFA0-A09A-4733-AA7E-E0D182334BCE} = {12474DCF-3078-4FF3-9F61-8A1DDA1362B8}
		{948F6530-84BD-4E95-A3AF-87215925952E} = {93B6EF48-5785-45DE-BCBC-7F1C4C7F2AB9}
		{D8F191D3-A39C-48E2-9D18-CFAB2F6416A2} = {948F6530-84BD-4E95-A3AF-87215925952E}
		{AEA1918C-6671-41C4-BA57-500A6CA34259} = {D8F191D3-A39C-48E2-9D18-CFAB2F6416A2}
		{F39F2A7E-AB46-41DF-899D-3873BD58394F} = {D8F191D3-A39C-48E2-9D18-CFAB2F6416A2}
		{08E84F89-1D04-450F-A3C7-5CFC586D62F0} = {D8F191D3-A39C-48E2-9D18-CFAB2F6416A2}
		{564B4FBD-A8F7-4637-A5BD-A8114827D684} = {D8F191D3-A39C-48E2-9D18-CFAB2F6416A2}
		{78FEEE3B-3F31-48D8-B7E1-8591DB11E8F4} = {948F6530-84BD-4E95-A3AF-87215925952E}
		{5DED720F-78C9-426E-AAA0-5732EEF0EB8D} = {78FEEE3B-3F31-48D8-B7E1-8591DB11E8F4}
		{040EF058-0C23-49E2-97D9-915126D7D492} = {78FEEE3B-3F31-48D8-B7E1-8591DB11E8F4}
		{25D37708-8CF4-4B97-9044-309DAD00D1AD} = {78FEEE3B-3F31-48D8-B7E1-8591DB11E8F4}
		{7B4B5285-B10F-4EA2-BA2E-8254FC9109C8} = {78FEEE3B-3F31-48D8-B7E1-8591DB11E8F4}
		{47C4E4F5-B4A9-46F0-B7FA-DD1F6EAEB91D} = {948F6530-84BD-4E95-A3AF-87215925952E}
		{E1A10218-76F7-4C8C-8714-1B009A9E6A56} = {47C4E4F5-B4A9-46F0-B7FA-DD1F6EAEB91D}
		{36A6D23F-3244-457D-BBFD-030557F61FA5} = {47C4E4F5-B4A9-46F0-B7FA-DD1F6EAEB91D}
		{529D1336-7D98-43AB-9A1A-CE4531464F58} = {47C4E4F5-B4A9-46F0-B7FA-DD1F6EAEB91D}
		{7A273AFF-AA9D-43A7-A812-104594B5EB2D} = {47C4E4F5-B4A9-46F0-B7FA-DD1F6EAEB91D}
		{CDC1FE5B-5AD1-49BD-8CF9-CB30DBBB8F4C} = {47C4E4F5-B4A9-46F0-B7FA-DD1F6EAEB91D}
		{DB4DB3CE-B4D6-4699-9F80-DD6715A6892E} = {948F6530-84BD-4E95-A3AF-87215925952E}
		{1E718867-037A-4327-8039-2261E30FEDDA} = {DB4DB3CE-B4D6-4699-9F80-DD6715A6892E}
		{9A56FE4C-179A-45BD-A17C-DEE68B3893BE} = {DB4DB3CE-B4D6-4699-9F80-DD6715A6892E}
		{84D3AE18-9FC1-4515-8044-085E3FCE6B5E} = {DB4DB3CE-B4D6-4699-9F80-DD6715A6892E}
		{8D52134F-0C6D-43D4-B883-E896208B4C80} = {DB4DB3CE-B4D6-4699-9F80-DD6715A6892E}
		{87251377-EE85-4757-9E81-74B2312DF8DD} = {DB4DB3CE-B4D6-4699-9F80-DD6715A6892E}
		{8EF4B810-A553-42A4-8B3D-1F38E75747A3} = {1E6C1B2F-5296-4F5B-9316-347A21E07548}
	EndGlobalSection
EndGlobal
