
Microsoft Visual Studio Solution File, Format Version 12.00
# Visual Studio Version 17
VisualStudioVersion = 17.0.31903.59
MinimumVisualStudioVersion = 10.0.40219.1
Project("{2150E333-8FDC-42A3-9474-1A3956D46DE8}") = "src", "src", "{EB46C089-1D79-4399-8877-9DA8063D6BB9}"
EndProject
Project("{2150E333-8FDC-42A3-9474-1A3956D46DE8}") = "BuildingBlocks", "BuildingBlocks", "{130F6952-165E-4205-A609-A57C1FD99763}"
EndProject
Project("{FAE04EC0-301F-11D3-BF4B-00C04F79EFBC}") = "PucCrypto.BuildingBlocks.Abstractions", "src\BuildingBlocks\PucCrypto.BuildingBlocks.Abstractions\PucCrypto.BuildingBlocks.Abstractions.csproj", "{2374ED32-D492-48D2-8143-14CC38D35312}"
EndProject
Project("{FAE04EC0-301F-11D3-BF4B-00C04F79EFBC}") = "PucCrypto.BuildingBlocks.Authentication", "src\BuildingBlocks\PucCrypto.BuildingBlocks.Authentication\PucCrypto.BuildingBlocks.Authentication.csproj", "{44D40B8C-69F1-4258-BDF7-51F508813A56}"
EndProject
Project("{FAE04EC0-301F-11D3-BF4B-00C04F79EFBC}") = "PucCrypto.BuildingBlocks.Messaging", "src\BuildingBlocks\PucCrypto.BuildingBlocks.Messaging\PucCrypto.BuildingBlocks.Messaging.csproj", "{28BC2339-D1C9-447F-A0F0-8FEF96E7757A}"
EndProject
Project("{FAE04EC0-301F-11D3-BF4B-00C04F79EFBC}") = "PucCrypto.Catalog.Api", "src\PucCrypto.Catalog.Api\PucCrypto.Catalog.Api.csproj", "{2BD18108-786B-4A30-B881-512FAAD88C47}"
EndProject
Project("{FAE04EC0-301F-11D3-BF4B-00C04F79EFBC}") = "PucCrypto.Catalog.Application", "src\PucCrypto.Catalog.Application\PucCrypto.Catalog.Application.csproj", "{83B4A00C-0440-4027-AF6F-87D1947CF462}"
EndProject
Project("{FAE04EC0-301F-11D3-BF4B-00C04F79EFBC}") = "PucCrypto.Catalog.Domain", "src\PucCrypto.Catalog.Domain\PucCrypto.Catalog.Domain.csproj", "{C79EBB91-B1B5-4FB0-9EC8-3BAA29EEC17D}"
EndProject
Project("{FAE04EC0-301F-11D3-BF4B-00C04F79EFBC}") = "PucCrypto.Catalog.Infrastructure", "src\PucCrypto.Catalog.Infrastructure\PucCrypto.Catalog.Infrastructure.csproj", "{5A3FF103-D378-4AC2-B8D4-DCB816329267}"
EndProject
Project("{2150E333-8FDC-42A3-9474-1A3956D46DE8}") = "tests", "tests", "{C02604CD-D21C-48D6-8513-6D60881A50FB}"
EndProject
Project("{FAE04EC0-301F-11D3-BF4B-00C04F79EFBC}") = "PucCrypto.Catalog.ArchitectureTests", "tests\PucCrypto.Catalog.ArchitectureTests\PucCrypto.Catalog.ArchitectureTests.csproj", "{78216FA7-1C52-4153-96EC-8770506BCEE9}"
EndProject
Project("{FAE04EC0-301F-11D3-BF4B-00C04F79EFBC}") = "PucCrypto.Catalog.UnitTests", "tests\PucCrypto.Catalog.UnitTests\PucCrypto.Catalog.UnitTests.csproj", "{0DFF73BF-888E-41DF-BA15-F523B8DEACB8}"
EndProject
Global
	GlobalSection(SolutionConfigurationPlatforms) = preSolution
		Debug|Any CPU = Debug|Any CPU
		Release|Any CPU = Release|Any CPU
	EndGlobalSection
	GlobalSection(SolutionProperties) = preSolution
		HideSolutionNode = FALSE
	EndGlobalSection
	GlobalSection(ProjectConfigurationPlatforms) = postSolution
		{2374ED32-D492-48D2-8143-14CC38D35312}.Debug|Any CPU.ActiveCfg = Debug|Any CPU
		{2374ED32-D492-48D2-8143-14CC38D35312}.Debug|Any CPU.Build.0 = Debug|Any CPU
		{2374ED32-D492-48D2-8143-14CC38D35312}.Release|Any CPU.ActiveCfg = Release|Any CPU
		{2374ED32-D492-48D2-8143-14CC38D35312}.Release|Any CPU.Build.0 = Release|Any CPU
		{44D40B8C-69F1-4258-BDF7-51F508813A56}.Debug|Any CPU.ActiveCfg = Debug|Any CPU
		{44D40B8C-69F1-4258-BDF7-51F508813A56}.Debug|Any CPU.Build.0 = Debug|Any CPU
		{44D40B8C-69F1-4258-BDF7-51F508813A56}.Release|Any CPU.ActiveCfg = Release|Any CPU
		{44D40B8C-69F1-4258-BDF7-51F508813A56}.Release|Any CPU.Build.0 = Release|Any CPU
		{28BC2339-D1C9-447F-A0F0-8FEF96E7757A}.Debug|Any CPU.ActiveCfg = Debug|Any CPU
		{28BC2339-D1C9-447F-A0F0-8FEF96E7757A}.Debug|Any CPU.Build.0 = Debug|Any CPU
		{28BC2339-D1C9-447F-A0F0-8FEF96E7757A}.Release|Any CPU.ActiveCfg = Release|Any CPU
		{28BC2339-D1C9-447F-A0F0-8FEF96E7757A}.Release|Any CPU.Build.0 = Release|Any CPU
		{2BD18108-786B-4A30-B881-512FAAD88C47}.Debug|Any CPU.ActiveCfg = Debug|Any CPU
		{2BD18108-786B-4A30-B881-512FAAD88C47}.Debug|Any CPU.Build.0 = Debug|Any CPU
		{2BD18108-786B-4A30-B881-512FAAD88C47}.Release|Any CPU.ActiveCfg = Release|Any CPU
		{2BD18108-786B-4A30-B881-512FAAD88C47}.Release|Any CPU.Build.0 = Release|Any CPU
		{83B4A00C-0440-4027-AF6F-87D1947CF462}.Debug|Any CPU.ActiveCfg = Debug|Any CPU
		{83B4A00C-0440-4027-AF6F-87D1947CF462}.Debug|Any CPU.Build.0 = Debug|Any CPU
		{83B4A00C-0440-4027-AF6F-87D1947CF462}.Release|Any CPU.ActiveCfg = Release|Any CPU
		{83B4A00C-0440-4027-AF6F-87D1947CF462}.Release|Any CPU.Build.0 = Release|Any CPU
		{C79EBB91-B1B5-4FB0-9EC8-3BAA29EEC17D}.Debug|Any CPU.ActiveCfg = Debug|Any CPU
		{C79EBB91-B1B5-4FB0-9EC8-3BAA29EEC17D}.Debug|Any CPU.Build.0 = Debug|Any CPU
		{C79EBB91-B1B5-4FB0-9EC8-3BAA29EEC17D}.Release|Any CPU.ActiveCfg = Release|Any CPU
		{C79EBB91-B1B5-4FB0-9EC8-3BAA29EEC17D}.Release|Any CPU.Build.0 = Release|Any CPU
		{5A3FF103-D378-4AC2-B8D4-DCB816329267}.Debug|Any CPU.ActiveCfg = Debug|Any CPU
		{5A3FF103-D378-4AC2-B8D4-DCB816329267}.Debug|Any CPU.Build.0 = Debug|Any CPU
		{5A3FF103-D378-4AC2-B8D4-DCB816329267}.Release|Any CPU.ActiveCfg = Release|Any CPU
		{5A3FF103-D378-4AC2-B8D4-DCB816329267}.Release|Any CPU.Build.0 = Release|Any CPU
		{78216FA7-1C52-4153-96EC-8770506BCEE9}.Debug|Any CPU.ActiveCfg = Debug|Any CPU
		{78216FA7-1C52-4153-96EC-8770506BCEE9}.Debug|Any CPU.Build.0 = Debug|Any CPU
		{78216FA7-1C52-4153-96EC-8770506BCEE9}.Release|Any CPU.ActiveCfg = Release|Any CPU
		{78216FA7-1C52-4153-96EC-8770506BCEE9}.Release|Any CPU.Build.0 = Release|Any CPU
		{0DFF73BF-888E-41DF-BA15-F523B8DEACB8}.Debug|Any CPU.ActiveCfg = Debug|Any CPU
		{0DFF73BF-888E-41DF-BA15-F523B8DEACB8}.Debug|Any CPU.Build.0 = Debug|Any CPU
		{0DFF73BF-888E-41DF-BA15-F523B8DEACB8}.Release|Any CPU.ActiveCfg = Release|Any CPU
		{0DFF73BF-888E-41DF-BA15-F523B8DEACB8}.Release|Any CPU.Build.0 = Release|Any CPU
	EndGlobalSection
	GlobalSection(NestedProjects) = preSolution
		{130F6952-165E-4205-A609-A57C1FD99763} = {EB46C089-1D79-4399-8877-9DA8063D6BB9}
		{2374ED32-D492-48D2-8143-14CC38D35312} = {130F6952-165E-4205-A609-A57C1FD99763}
		{44D40B8C-69F1-4258-BDF7-51F508813A56} = {130F6952-165E-4205-A609-A57C1FD99763}
		{28BC2339-D1C9-447F-A0F0-8FEF96E7757A} = {130F6952-165E-4205-A609-A57C1FD99763}
		{2BD18108-786B-4A30-B881-512FAAD88C47} = {EB46C089-1D79-4399-8877-9DA8063D6BB9}
		{83B4A00C-0440-4027-AF6F-87D1947CF462} = {EB46C089-1D79-4399-8877-9DA8063D6BB9}
		{C79EBB91-B1B5-4FB0-9EC8-3BAA29EEC17D} = {EB46C089-1D79-4399-8877-9DA8063D6BB9}
		{5A3FF103-D378-4AC2-B8D4-DCB816329267} = {EB46C089-1D79-4399-8877-9DA8063D6BB9}
		{78216FA7-1C52-4153-96EC-8770506BCEE9} = {C02604CD-D21C-48D6-8513-6D60881A50FB}
		{0DFF73BF-888E-41DF-BA15-F523B8DEACB8} = {C02604CD-D21C-48D6-8513-6D60881A50FB}
	EndGlobalSection
EndGlobal
